
Microsoft Visual Studio Solution File, Format Version 12.00
# Visual Studio Version 17
VisualStudioVersion = 17.13.35825.156 d17.13
MinimumVisualStudioVersion = 10.0.40219.1
Project("{FAE04EC0-301F-11D3-BF4B-00C04F79EFBC}") = "ClassExample", "ClassExample.csproj", "{BE600F7B-A4E0-4D28-BF9E-B6B106AE139A}"
EndProject
Global
	GlobalSection(SolutionConfigurationPlatforms) = preSolution
		Debug|Any CPU = Debug|Any CPU
		Release|Any CPU = Release|Any CPU
	EndGlobalSection
	GlobalSection(ProjectConfigurationPlatforms) = postSolution
		{BE600F7B-A4E0-4D28-BF9E-B6B106AE139A}.Debug|Any CPU.ActiveCfg = Debug|Any CPU
		{BE600F7B-A4E0-4D28-BF9E-B6B106AE139A}.Debug|Any CPU.Build.0 = Debug|Any CPU
		{BE600F7B-A4E0-4D28-BF9E-B6B106AE139A}.Release|Any CPU.ActiveCfg = Release|Any CPU
		{BE600F7B-A4E0-4D28-BF9E-B6B106AE139A}.Release|Any CPU.Build.0 = Release|Any CPU
	EndGlobalSection
	GlobalSection(SolutionProperties) = preSolution
		HideSolutionNode = FALSE
	EndGlobalSection
	GlobalSection(ExtensibilityGlobals) = postSolution
		SolutionGuid = {4E1FE7C3-5D5D-44FE-8EA0-37300CC88B00}
	EndGlobalSection
EndGlobal
